
Microsoft Visual Studio Solution File, Format Version 11.00
# Visual Studio 2010
Project("{8BC9CEB8-8B4A-11D0-8D11-00A0C91BC942}") = "AsSingleWindow", "AsSingleWindow.vcxproj", "{CE6A5A24-EA88-4E67-BDF2-22517528E43F}"
EndProject
Global
	GlobalSection(SolutionConfigurationPlatforms) = preSolution
		Debug|Win32 = Debug|Win32
		Release (ANSI)|Win32 = Release (ANSI)|Win32
		Release|Win32 = Release|Win32
	EndGlobalSection
	GlobalSection(ProjectConfigurationPlatforms) = postSolution
		{CE6A5A24-EA88-4E67-BDF2-22517528E43F}.Debug|Win32.ActiveCfg = Debug|Win32
		{CE6A5A24-EA88-4E67-BDF2-22517528E43F}.Debug|Win32.Build.0 = Debug|Win32
		{CE6A5A24-EA88-4E67-BDF2-22517528E43F}.Release (ANSI)|Win32.ActiveCfg = Release (ANSI)|Win32
		{CE6A5A24-EA88-4E67-BDF2-22517528E43F}.Release (ANSI)|Win32.Build.0 = Release (ANSI)|Win32
		{CE6A5A24-EA88-4E67-BDF2-22517528E43F}.Release|Win32.ActiveCfg = Release|Win32
		{CE6A5A24-EA88-4E67-BDF2-22517528E43F}.Release|Win32.Build.0 = Release|Win32
	EndGlobalSection
	GlobalSection(SolutionProperties) = preSolution
		HideSolutionNode = FALSE
	EndGlobalSection
EndGlobal
